{
  "name": "vanilla-dom-log",
  "version": "1.0.2",
  "lockfileVersion": 1,
  "requires": true,
  "dependencies": {
    "dom-json-tree": {
      "version": "1.0.3",
      "resolved": "https://registry.npmjs.org/dom-json-tree/-/dom-json-tree-1.0.3.tgz",
      "integrity": "sha512-QrRR34cgmoVDTdmYxjYfa1A0ufp6qimxw7IjF3huwlnJKaU4iSAiJbqLc4dxp9cLTLvFVXK+WQM/BZPCR75b9A=="
    },
    "serialize-javascript": {
      "version": "1.6.1",
      "resolved": "https://registry.npmjs.org/serialize-javascript/-/serialize-javascript-1.6.1.tgz",
      "integrity": "sha512-A5MOagrPFga4YaKQSWHryl7AXvbQkEqpw4NNYMTNYUNV51bA8ABHgYFpqKx+YFFrw59xMV1qGH1R4AgoNIVgCw=="
    }
  }
}
